
Microsoft Visual Studio Solution File, Format Version 12.00
# Visual Studio Version 17
VisualStudioVersion = 17.10.34928.147
MinimumVisualStudioVersion = 10.0.40219.1
Project("{FAE04EC0-301F-11D3-BF4B-00C04F79EFBC}") = "FC.ClickVende.API", "FC.ClickVende.API\FC.ClickVende.API.csproj", "{8D1114D7-8B40-4CD7-A4BF-02FF78A7D135}"
EndProject
Project("{FAE04EC0-301F-11D3-BF4B-00C04F79EFBC}") = "FC.ClickVende.Business", "FC.ClickVende.Business\FC.ClickVende.Business.csproj", "{C0835028-9E9E-4CF8-99BA-5B3AD1C413B8}"
EndProject
Project("{FAE04EC0-301F-11D3-BF4B-00C04F79EFBC}") = "FC.ClickVende.Data", "FC.ClickVende.Data\FC.ClickVende.Data.csproj", "{ECE75A2D-7341-4EAF-BC27-73310C381670}"
EndProject
Global
	GlobalSection(SolutionConfigurationPlatforms) = preSolution
		Debug|Any CPU = Debug|Any CPU
		Release|Any CPU = Release|Any CPU
	EndGlobalSection
	GlobalSection(ProjectConfigurationPlatforms) = postSolution
		{8D1114D7-8B40-4CD7-A4BF-02FF78A7D135}.Debug|Any CPU.ActiveCfg = Debug|Any CPU
		{8D1114D7-8B40-4CD7-A4BF-02FF78A7D135}.Debug|Any CPU.Build.0 = Debug|Any CPU
		{8D1114D7-8B40-4CD7-A4BF-02FF78A7D135}.Release|Any CPU.ActiveCfg = Release|Any CPU
		{8D1114D7-8B40-4CD7-A4BF-02FF78A7D135}.Release|Any CPU.Build.0 = Release|Any CPU
		{C0835028-9E9E-4CF8-99BA-5B3AD1C413B8}.Debug|Any CPU.ActiveCfg = Debug|Any CPU
		{C0835028-9E9E-4CF8-99BA-5B3AD1C413B8}.Debug|Any CPU.Build.0 = Debug|Any CPU
		{C0835028-9E9E-4CF8-99BA-5B3AD1C413B8}.Release|Any CPU.ActiveCfg = Release|Any CPU
		{C0835028-9E9E-4CF8-99BA-5B3AD1C413B8}.Release|Any CPU.Build.0 = Release|Any CPU
		{ECE75A2D-7341-4EAF-BC27-73310C381670}.Debug|Any CPU.ActiveCfg = Debug|Any CPU
		{ECE75A2D-7341-4EAF-BC27-73310C381670}.Debug|Any CPU.Build.0 = Debug|Any CPU
		{ECE75A2D-7341-4EAF-BC27-73310C381670}.Release|Any CPU.ActiveCfg = Release|Any CPU
		{ECE75A2D-7341-4EAF-BC27-73310C381670}.Release|Any CPU.Build.0 = Release|Any CPU
	EndGlobalSection
	GlobalSection(SolutionProperties) = preSolution
		HideSolutionNode = FALSE
	EndGlobalSection
	GlobalSection(ExtensibilityGlobals) = postSolution
		SolutionGuid = {0123EB96-38EF-4FD3-89B6-D4836AB3DC4F}
	EndGlobalSection
EndGlobal
